
Microsoft Visual Studio Solution File, Format Version 12.00
# Visual Studio Version 17
VisualStudioVersion = 17.8.34309.116
MinimumVisualStudioVersion = 10.0.40219.1
Project("{FAE04EC0-301F-11D3-BF4B-00C04F79EFBC}") = "GymSystemFinalProject", "GymSystemFinalProject.csproj", "{D7DD5764-C85F-4665-B6C8-48DC695B5F85}"
EndProject
Project("{FAE04EC0-301F-11D3-BF4B-00C04F79EFBC}") = "DataAcciss_GymSystem", "..\DataAcciss_GymSystem\DataAcciss_GymSystem.csproj", "{5DEA6AA5-3DCA-416F-BFA0-15FC5F5BBF63}"
EndProject
Project("{FAE04EC0-301F-11D3-BF4B-00C04F79EFBC}") = "BusinessLayer_FinalProject", "..\BusinessLayer_FinalProject\BusinessLayer_FinalProject.csproj", "{2DE57D0B-5C22-4632-8879-E088F6F02E28}"
EndProject
Global
	GlobalSection(SolutionConfigurationPlatforms) = preSolution
		Debug|Any CPU = Debug|Any CPU
		Release|Any CPU = Release|Any CPU
	EndGlobalSection
	GlobalSection(ProjectConfigurationPlatforms) = postSolution
		{D7DD5764-C85F-4665-B6C8-48DC695B5F85}.Debug|Any CPU.ActiveCfg = Debug|Any CPU
		{D7DD5764-C85F-4665-B6C8-48DC695B5F85}.Debug|Any CPU.Build.0 = Debug|Any CPU
		{D7DD5764-C85F-4665-B6C8-48DC695B5F85}.Release|Any CPU.ActiveCfg = Release|Any CPU
		{D7DD5764-C85F-4665-B6C8-48DC695B5F85}.Release|Any CPU.Build.0 = Release|Any CPU
		{5DEA6AA5-3DCA-416F-BFA0-15FC5F5BBF63}.Debug|Any CPU.ActiveCfg = Debug|Any CPU
		{5DEA6AA5-3DCA-416F-BFA0-15FC5F5BBF63}.Debug|Any CPU.Build.0 = Debug|Any CPU
		{5DEA6AA5-3DCA-416F-BFA0-15FC5F5BBF63}.Release|Any CPU.ActiveCfg = Release|Any CPU
		{5DEA6AA5-3DCA-416F-BFA0-15FC5F5BBF63}.Release|Any CPU.Build.0 = Release|Any CPU
		{2DE57D0B-5C22-4632-8879-E088F6F02E28}.Debug|Any CPU.ActiveCfg = Debug|Any CPU
		{2DE57D0B-5C22-4632-8879-E088F6F02E28}.Debug|Any CPU.Build.0 = Debug|Any CPU
		{2DE57D0B-5C22-4632-8879-E088F6F02E28}.Release|Any CPU.ActiveCfg = Release|Any CPU
		{2DE57D0B-5C22-4632-8879-E088F6F02E28}.Release|Any CPU.Build.0 = Release|Any CPU
	EndGlobalSection
	GlobalSection(SolutionProperties) = preSolution
		HideSolutionNode = FALSE
	EndGlobalSection
	GlobalSection(ExtensibilityGlobals) = postSolution
		SolutionGuid = {4F931D22-78D4-46D4-887E-371EB2E30628}
	EndGlobalSection
EndGlobal
